
Microsoft Visual Studio Solution File, Format Version 12.00
# Visual Studio Version 17
VisualStudioVersion = 17.0.32014.148
MinimumVisualStudioVersion = 10.0.40219.1
Project("{FAE04EC0-301F-11D3-BF4B-00C04F79EFBC}") = "KanyeWest", "KanyeWest\KanyeWest.csproj", "{60AC7EE1-F59A-4A9D-8101-FDFEC7101BB5}"
EndProject
Global
	GlobalSection(SolutionConfigurationPlatforms) = preSolution
		Debug|Any CPU = Debug|Any CPU
		Release|Any CPU = Release|Any CPU
	EndGlobalSection
	GlobalSection(ProjectConfigurationPlatforms) = postSolution
		{60AC7EE1-F59A-4A9D-8101-FDFEC7101BB5}.Debug|Any CPU.ActiveCfg = Debug|Any CPU
		{60AC7EE1-F59A-4A9D-8101-FDFEC7101BB5}.Debug|Any CPU.Build.0 = Debug|Any CPU
		{60AC7EE1-F59A-4A9D-8101-FDFEC7101BB5}.Release|Any CPU.ActiveCfg = Release|Any CPU
		{60AC7EE1-F59A-4A9D-8101-FDFEC7101BB5}.Release|Any CPU.Build.0 = Release|Any CPU
	EndGlobalSection
	GlobalSection(SolutionProperties) = preSolution
		HideSolutionNode = FALSE
	EndGlobalSection
	GlobalSection(ExtensibilityGlobals) = postSolution
		SolutionGuid = {BABA8E17-DA29-4DCA-8FBC-90E95EB262C4}
	EndGlobalSection
EndGlobal
